
Microsoft Visual Studio Solution File, Format Version 12.00
# Visual Studio 15
VisualStudioVersion = 15.0.28307.572
MinimumVisualStudioVersion = 10.0.40219.1
Project("{FAE04EC0-301F-11D3-BF4B-00C04F79EFBC}") = "dotNETMVCDatatableCRUD", "dotNETMVCDatatableCRUD\dotNETMVCDatatableCRUD.csproj", "{0A3DA6E9-6521-4FAF-BDE6-E66090196329}"
EndProject
Global
	GlobalSection(SolutionConfigurationPlatforms) = preSolution
		Debug|Any CPU = Debug|Any CPU
		Release|Any CPU = Release|Any CPU
	EndGlobalSection
	GlobalSection(ProjectConfigurationPlatforms) = postSolution
		{0A3DA6E9-6521-4FAF-BDE6-E66090196329}.Debug|Any CPU.ActiveCfg = Debug|Any CPU
		{0A3DA6E9-6521-4FAF-BDE6-E66090196329}.Debug|Any CPU.Build.0 = Debug|Any CPU
		{0A3DA6E9-6521-4FAF-BDE6-E66090196329}.Release|Any CPU.ActiveCfg = Release|Any CPU
		{0A3DA6E9-6521-4FAF-BDE6-E66090196329}.Release|Any CPU.Build.0 = Release|Any CPU
	EndGlobalSection
	GlobalSection(SolutionProperties) = preSolution
		HideSolutionNode = FALSE
	EndGlobalSection
	GlobalSection(ExtensibilityGlobals) = postSolution
		SolutionGuid = {015BF9EB-EC5C-4F4C-A107-D09ADEA360AB}
	EndGlobalSection
EndGlobal
